
Microsoft Visual Studio Solution File, Format Version 12.00
# Visual Studio Version 17
VisualStudioVersion = 17.0.31903.59
MinimumVisualStudioVersion = 10.0.40219.1
Project("{FAE04EC0-301F-11D3-BF4B-00C04F79EFBC}") = "Azure-ChatFlow.Functions", "Azure-ChatFlow.Functions\Azure-ChatFlow.Functions.csproj", "{537F2195-D730-4CFA-9B49-016E9808AB48}"
EndProject
Project("{FAE04EC0-301F-11D3-BF4B-00C04F79EFBC}") = "Azure-ChatFlow.Infrastructure", "Azure-ChatFlow.Infrastructure\Azure-ChatFlow.Infrastructure.csproj", "{8B8F20FB-325F-470A-B1EB-71E6F72AEB5A}"
EndProject
Project("{FAE04EC0-301F-11D3-BF4B-00C04F79EFBC}") = "Azure-ChatFlow.Service", "Azure-ChatFlow.Service\Azure-ChatFlow.Service.csproj", "{524BCA78-560F-4F8C-93BD-4081B92C300B}"
EndProject
Project("{FAE04EC0-301F-11D3-BF4B-00C04F79EFBC}") = "Azure-ChatFlow.Common", "Azure-ChatFlow.Common\Azure-ChatFlow.Common.csproj", "{6AB98F2F-85FE-47CB-AE75-C5D63E2AB2BA}"
EndProject
Global
	GlobalSection(SolutionConfigurationPlatforms) = preSolution
		Debug|Any CPU = Debug|Any CPU
		Release|Any CPU = Release|Any CPU
	EndGlobalSection
	GlobalSection(ProjectConfigurationPlatforms) = postSolution
		{537F2195-D730-4CFA-9B49-016E9808AB48}.Debug|Any CPU.ActiveCfg = Debug|Any CPU
		{537F2195-D730-4CFA-9B49-016E9808AB48}.Debug|Any CPU.Build.0 = Debug|Any CPU
		{537F2195-D730-4CFA-9B49-016E9808AB48}.Release|Any CPU.ActiveCfg = Release|Any CPU
		{537F2195-D730-4CFA-9B49-016E9808AB48}.Release|Any CPU.Build.0 = Release|Any CPU
		{8B8F20FB-325F-470A-B1EB-71E6F72AEB5A}.Debug|Any CPU.ActiveCfg = Debug|Any CPU
		{8B8F20FB-325F-470A-B1EB-71E6F72AEB5A}.Debug|Any CPU.Build.0 = Debug|Any CPU
		{8B8F20FB-325F-470A-B1EB-71E6F72AEB5A}.Release|Any CPU.ActiveCfg = Release|Any CPU
		{8B8F20FB-325F-470A-B1EB-71E6F72AEB5A}.Release|Any CPU.Build.0 = Release|Any CPU
		{524BCA78-560F-4F8C-93BD-4081B92C300B}.Debug|Any CPU.ActiveCfg = Debug|Any CPU
		{524BCA78-560F-4F8C-93BD-4081B92C300B}.Debug|Any CPU.Build.0 = Debug|Any CPU
		{524BCA78-560F-4F8C-93BD-4081B92C300B}.Release|Any CPU.ActiveCfg = Release|Any CPU
		{524BCA78-560F-4F8C-93BD-4081B92C300B}.Release|Any CPU.Build.0 = Release|Any CPU
		{6AB98F2F-85FE-47CB-AE75-C5D63E2AB2BA}.Debug|Any CPU.ActiveCfg = Debug|Any CPU
		{6AB98F2F-85FE-47CB-AE75-C5D63E2AB2BA}.Debug|Any CPU.Build.0 = Debug|Any CPU
		{6AB98F2F-85FE-47CB-AE75-C5D63E2AB2BA}.Release|Any CPU.ActiveCfg = Release|Any CPU
		{6AB98F2F-85FE-47CB-AE75-C5D63E2AB2BA}.Release|Any CPU.Build.0 = Release|Any CPU
	EndGlobalSection
	GlobalSection(SolutionProperties) = preSolution
		HideSolutionNode = FALSE
	EndGlobalSection
EndGlobal
